{
  "name": "monoscope",
  "lockfileVersion": 3,
  "requires": true,
  "packages": {
    "": {
      "name": "monoscope",
      "workspaces": [
        "packages/*"
      ]
    },
    "node_modules/@monoscope/anotherpackage": {
      "resolved": "packages/anotherpackage",
      "link": true
    },
    "node_modules/@monoscope/somepackage": {
      "resolved": "packages/somepackage",
      "link": true
    },
    "packages/anotherpackage": {
      "name": "@monoscope/anotherpackage"
    },
    "packages/somepackage": {
      "name": "@monoscope/somepackage",
      "version": "0.0.1"
    }
  }
}
